
Microsoft Visual Studio Solution File, Format Version 12.00
# Visual Studio Version 17
VisualStudioVersion = 17.8.34511.84
MinimumVisualStudioVersion = 10.0.40219.1
Project("{FAE04EC0-301F-11D3-BF4B-00C04F79EFBC}") = "LinQ_Study", "LinQ_Study\LinQ_Study.csproj", "{20007EE1-A5E7-453D-9F78-55557362C578}"
EndProject
Global
	GlobalSection(SolutionConfigurationPlatforms) = preSolution
		Debug|Any CPU = Debug|Any CPU
		Release|Any CPU = Release|Any CPU
	EndGlobalSection
	GlobalSection(ProjectConfigurationPlatforms) = postSolution
		{20007EE1-A5E7-453D-9F78-55557362C578}.Debug|Any CPU.ActiveCfg = Debug|Any CPU
		{20007EE1-A5E7-453D-9F78-55557362C578}.Debug|Any CPU.Build.0 = Debug|Any CPU
		{20007EE1-A5E7-453D-9F78-55557362C578}.Release|Any CPU.ActiveCfg = Release|Any CPU
		{20007EE1-A5E7-453D-9F78-55557362C578}.Release|Any CPU.Build.0 = Release|Any CPU
	EndGlobalSection
	GlobalSection(SolutionProperties) = preSolution
		HideSolutionNode = FALSE
	EndGlobalSection
	GlobalSection(ExtensibilityGlobals) = postSolution
		SolutionGuid = {10DDF911-EE32-44D5-9941-D97FC41C5116}
	EndGlobalSection
EndGlobal
